
Microsoft Visual Studio Solution File, Format Version 12.00
# Visual Studio Version 16
VisualStudioVersion = 16.0.34031.81
MinimumVisualStudioVersion = 10.0.40219.1
Project("{2150E333-8FDC-42A3-9474-1A3956D46DE8}") = "Task0", "Task0", "{021CE4FD-1688-4D09-98A1-7D524B264FC9}"
EndProject
Project("{FAE04EC0-301F-11D3-BF4B-00C04F79EFBC}") = "Tyuiu.KhramovNA.Sprint3.Task0.V25", "Tyuiu.KhramovNA.Sprint3.Task0.V25\Tyuiu.KhramovNA.Sprint3.Task0.V25.csproj", "{E258568A-644D-47E0-8B6D-32DCF6A3221C}"
EndProject
Project("{FAE04EC0-301F-11D3-BF4B-00C04F79EFBC}") = "Tyuiu.KhramovNA.Sprint3.Task0.V25.Lib", "Tyuiu.KhramovNA.Sprint3.Task0.V25.Lib\Tyuiu.KhramovNA.Sprint3.Task0.V25.Lib.csproj", "{BEB5F681-1AA0-4FEF-8930-4DD45924E23A}"
EndProject
Project("{FAE04EC0-301F-11D3-BF4B-00C04F79EFBC}") = "Tyuiu.KhramovNA.Sprint3.Task0.V25.Test", "Tyuiu.KhramovNA.Sprint3.Task0.V25.Test\Tyuiu.KhramovNA.Sprint3.Task0.V25.Test.csproj", "{77F3ED8E-45C0-4959-AB2C-69E4A25FB279}"
EndProject
Project("{2150E333-8FDC-42A3-9474-1A3956D46DE8}") = "Task1", "Task1", "{939F9771-2B48-4103-84C4-1BD611434FDB}"
EndProject
Project("{FAE04EC0-301F-11D3-BF4B-00C04F79EFBC}") = "Tyuiu.KhramovNA.Sprint4.Task1.V8", "Tyuiu.KhramovNA.Sprint4.Task1.V8\Tyuiu.KhramovNA.Sprint4.Task1.V8.csproj", "{ADEE9709-5278-448A-B5A2-80C1E9E60CB4}"
EndProject
Project("{FAE04EC0-301F-11D3-BF4B-00C04F79EFBC}") = "Tyuiu.KhramovNA.Sprint4.Task1.V8.Lib", "Tyuiu.KhramovNA.Sprint4.Task1.V8.Lib\Tyuiu.KhramovNA.Sprint4.Task1.V8.Lib.csproj", "{9E9A3C5D-6BD8-49C1-B88C-44DC13E7E7C7}"
EndProject
Project("{FAE04EC0-301F-11D3-BF4B-00C04F79EFBC}") = "Tyuiu.KhramovNA.Sprint4.Task1.V8.Test", "Tyuiu.KhramovNA.Sprint4.Task1.V8.Test\Tyuiu.KhramovNA.Sprint4.Task1.V8.Test.csproj", "{A738C447-AEB7-4431-8345-62AB72E27842}"
EndProject
Project("{2150E333-8FDC-42A3-9474-1A3956D46DE8}") = "Task2", "Task2", "{60F9F6A2-529F-4F50-B541-294AD8A6AFED}"
EndProject
Project("{FAE04EC0-301F-11D3-BF4B-00C04F79EFBC}") = "Tyuiu.KhramovNA.Sprint4.Task2.V25", "Tyuiu.KhramovNA.Sprint4.Task2.V25\Tyuiu.KhramovNA.Sprint4.Task2.V25.csproj", "{31E5113E-A586-4A85-8264-4DBEE3457C54}"
EndProject
Project("{FAE04EC0-301F-11D3-BF4B-00C04F79EFBC}") = "Tyuiu.KhramovNA.Sprint4.Task2.V25.Lib", "Tyuiu.KhramovNA.Sprint4.Task2.V25.Lib\Tyuiu.KhramovNA.Sprint4.Task2.V25.Lib.csproj", "{3083A401-BE27-4345-9867-5E57421A6409}"
EndProject
Project("{FAE04EC0-301F-11D3-BF4B-00C04F79EFBC}") = "Tyuiu.KhramovNA.Sprint4.Task2.V25.Test", "Tyuiu.KhramovNA.Sprint4.Task2.V25.Test\Tyuiu.KhramovNA.Sprint4.Task2.V25.Test.csproj", "{56D98FAB-F22D-44DB-B811-B0D283816DD7}"
EndProject
Project("{2150E333-8FDC-42A3-9474-1A3956D46DE8}") = "Task3", "Task3", "{C617D067-2D10-4F3C-87CB-094D00E43A62}"
EndProject
Project("{FAE04EC0-301F-11D3-BF4B-00C04F79EFBC}") = "Tyuiu.KhramovNA.Sprint4.Task3.V9", "Tyuiu.KhramovNA.Sprint4.Task3.V9\Tyuiu.KhramovNA.Sprint4.Task3.V9.csproj", "{09B0A63D-47B3-4D58-96A1-6491F4339485}"
EndProject
Project("{FAE04EC0-301F-11D3-BF4B-00C04F79EFBC}") = "Tyuiu.KhramovNA.Sprint4.Task3.V9.Lib", "Tyuiu.KhramovNA.Sprint4.Task3.V9.Lib\Tyuiu.KhramovNA.Sprint4.Task3.V9.Lib.csproj", "{1F3258DE-678E-42EA-B157-EDB58152D020}"
EndProject
Project("{FAE04EC0-301F-11D3-BF4B-00C04F79EFBC}") = "Tyuiu.KhramovNA.Sprint4.Task3.V9.Test", "Tyuiu.KhramovNA.Sprint4.Task3.V9.Test\Tyuiu.KhramovNA.Sprint4.Task3.V9.Test.csproj", "{8244ED37-4447-4DF3-A8A3-64CEA9E22BDA}"
EndProject
Project("{2150E333-8FDC-42A3-9474-1A3956D46DE8}") = "Task4", "Task4", "{AB693CFC-C351-4419-937E-20F40221C09B}"
EndProject
Project("{FAE04EC0-301F-11D3-BF4B-00C04F79EFBC}") = "Tyuiu.KhramovNA.Sprint4.Task4.V22", "Tyuiu.KhramovNA.Sprint4.Task4.V22\Tyuiu.KhramovNA.Sprint4.Task4.V22.csproj", "{7725CDAC-8DE5-4940-A202-5590FEF606B1}"
EndProject
Project("{FAE04EC0-301F-11D3-BF4B-00C04F79EFBC}") = "Tyuiu.KhramovNA.Sprint4.Task4.V22.Lib", "Tyuiu.KhramovNA.Sprint4.Task4.V22.Lib\Tyuiu.KhramovNA.Sprint4.Task4.V22.Lib.csproj", "{3C2146D4-9D68-4E30-8BC7-3234130E43A0}"
EndProject
Project("{FAE04EC0-301F-11D3-BF4B-00C04F79EFBC}") = "Tyuiu.KhramovNA.Sprint4.Task4.V22.Test", "Tyuiu.KhramovNA.Sprint4.Task4.V22.Test\Tyuiu.KhramovNA.Sprint4.Task4.V22.Test.csproj", "{6F0892A8-1947-4707-AB62-174D7E1FF837}"
EndProject
Global
	GlobalSection(SolutionConfigurationPlatforms) = preSolution
		Debug|Any CPU = Debug|Any CPU
		Release|Any CPU = Release|Any CPU
	EndGlobalSection
	GlobalSection(ProjectConfigurationPlatforms) = postSolution
		{E258568A-644D-47E0-8B6D-32DCF6A3221C}.Debug|Any CPU.ActiveCfg = Debug|Any CPU
		{E258568A-644D-47E0-8B6D-32DCF6A3221C}.Debug|Any CPU.Build.0 = Debug|Any CPU
		{E258568A-644D-47E0-8B6D-32DCF6A3221C}.Release|Any CPU.ActiveCfg = Release|Any CPU
		{E258568A-644D-47E0-8B6D-32DCF6A3221C}.Release|Any CPU.Build.0 = Release|Any CPU
		{BEB5F681-1AA0-4FEF-8930-4DD45924E23A}.Debug|Any CPU.ActiveCfg = Debug|Any CPU
		{BEB5F681-1AA0-4FEF-8930-4DD45924E23A}.Debug|Any CPU.Build.0 = Debug|Any CPU
		{BEB5F681-1AA0-4FEF-8930-4DD45924E23A}.Release|Any CPU.ActiveCfg = Release|Any CPU
		{BEB5F681-1AA0-4FEF-8930-4DD45924E23A}.Release|Any CPU.Build.0 = Release|Any CPU
		{77F3ED8E-45C0-4959-AB2C-69E4A25FB279}.Debug|Any CPU.ActiveCfg = Debug|Any CPU
		{77F3ED8E-45C0-4959-AB2C-69E4A25FB279}.Debug|Any CPU.Build.0 = Debug|Any CPU
		{77F3ED8E-45C0-4959-AB2C-69E4A25FB279}.Release|Any CPU.ActiveCfg = Release|Any CPU
		{77F3ED8E-45C0-4959-AB2C-69E4A25FB279}.Release|Any CPU.Build.0 = Release|Any CPU
		{ADEE9709-5278-448A-B5A2-80C1E9E60CB4}.Debug|Any CPU.ActiveCfg = Debug|Any CPU
		{ADEE9709-5278-448A-B5A2-80C1E9E60CB4}.Debug|Any CPU.Build.0 = Debug|Any CPU
		{ADEE9709-5278-448A-B5A2-80C1E9E60CB4}.Release|Any CPU.ActiveCfg = Release|Any CPU
		{ADEE9709-5278-448A-B5A2-80C1E9E60CB4}.Release|Any CPU.Build.0 = Release|Any CPU
		{9E9A3C5D-6BD8-49C1-B88C-44DC13E7E7C7}.Debug|Any CPU.ActiveCfg = Debug|Any CPU
		{9E9A3C5D-6BD8-49C1-B88C-44DC13E7E7C7}.Debug|Any CPU.Build.0 = Debug|Any CPU
		{9E9A3C5D-6BD8-49C1-B88C-44DC13E7E7C7}.Release|Any CPU.ActiveCfg = Release|Any CPU
		{9E9A3C5D-6BD8-49C1-B88C-44DC13E7E7C7}.Release|Any CPU.Build.0 = Release|Any CPU
		{A738C447-AEB7-4431-8345-62AB72E27842}.Debug|Any CPU.ActiveCfg = Debug|Any CPU
		{A738C447-AEB7-4431-8345-62AB72E27842}.Debug|Any CPU.Build.0 = Debug|Any CPU
		{A738C447-AEB7-4431-8345-62AB72E27842}.Release|Any CPU.ActiveCfg = Release|Any CPU
		{A738C447-AEB7-4431-8345-62AB72E27842}.Release|Any CPU.Build.0 = Release|Any CPU
		{31E5113E-A586-4A85-8264-4DBEE3457C54}.Debug|Any CPU.ActiveCfg = Debug|Any CPU
		{31E5113E-A586-4A85-8264-4DBEE3457C54}.Debug|Any CPU.Build.0 = Debug|Any CPU
		{31E5113E-A586-4A85-8264-4DBEE3457C54}.Release|Any CPU.ActiveCfg = Release|Any CPU
		{31E5113E-A586-4A85-8264-4DBEE3457C54}.Release|Any CPU.Build.0 = Release|Any CPU
		{3083A401-BE27-4345-9867-5E57421A6409}.Debug|Any CPU.ActiveCfg = Debug|Any CPU
		{3083A401-BE27-4345-9867-5E57421A6409}.Debug|Any CPU.Build.0 = Debug|Any CPU
		{3083A401-BE27-4345-9867-5E57421A6409}.Release|Any CPU.ActiveCfg = Release|Any CPU
		{3083A401-BE27-4345-9867-5E57421A6409}.Release|Any CPU.Build.0 = Release|Any CPU
		{56D98FAB-F22D-44DB-B811-B0D283816DD7}.Debug|Any CPU.ActiveCfg = Debug|Any CPU
		{56D98FAB-F22D-44DB-B811-B0D283816DD7}.Debug|Any CPU.Build.0 = Debug|Any CPU
		{56D98FAB-F22D-44DB-B811-B0D283816DD7}.Release|Any CPU.ActiveCfg = Release|Any CPU
		{56D98FAB-F22D-44DB-B811-B0D283816DD7}.Release|Any CPU.Build.0 = Release|Any CPU
		{09B0A63D-47B3-4D58-96A1-6491F4339485}.Debug|Any CPU.ActiveCfg = Debug|Any CPU
		{09B0A63D-47B3-4D58-96A1-6491F4339485}.Debug|Any CPU.Build.0 = Debug|Any CPU
		{09B0A63D-47B3-4D58-96A1-6491F4339485}.Release|Any CPU.ActiveCfg = Release|Any CPU
		{09B0A63D-47B3-4D58-96A1-6491F4339485}.Release|Any CPU.Build.0 = Release|Any CPU
		{1F3258DE-678E-42EA-B157-EDB58152D020}.Debug|Any CPU.ActiveCfg = Debug|Any CPU
		{1F3258DE-678E-42EA-B157-EDB58152D020}.Debug|Any CPU.Build.0 = Debug|Any CPU
		{1F3258DE-678E-42EA-B157-EDB58152D020}.Release|Any CPU.ActiveCfg = Release|Any CPU
		{1F3258DE-678E-42EA-B157-EDB58152D020}.Release|Any CPU.Build.0 = Release|Any CPU
		{8244ED37-4447-4DF3-A8A3-64CEA9E22BDA}.Debug|Any CPU.ActiveCfg = Debug|Any CPU
		{8244ED37-4447-4DF3-A8A3-64CEA9E22BDA}.Debug|Any CPU.Build.0 = Debug|Any CPU
		{8244ED37-4447-4DF3-A8A3-64CEA9E22BDA}.Release|Any CPU.ActiveCfg = Release|Any CPU
		{8244ED37-4447-4DF3-A8A3-64CEA9E22BDA}.Release|Any CPU.Build.0 = Release|Any CPU
		{7725CDAC-8DE5-4940-A202-5590FEF606B1}.Debug|Any CPU.ActiveCfg = Debug|Any CPU
		{7725CDAC-8DE5-4940-A202-5590FEF606B1}.Debug|Any CPU.Build.0 = Debug|Any CPU
		{7725CDAC-8DE5-4940-A202-5590FEF606B1}.Release|Any CPU.ActiveCfg = Release|Any CPU
		{7725CDAC-8DE5-4940-A202-5590FEF606B1}.Release|Any CPU.Build.0 = Release|Any CPU
		{3C2146D4-9D68-4E30-8BC7-3234130E43A0}.Debug|Any CPU.ActiveCfg = Debug|Any CPU
		{3C2146D4-9D68-4E30-8BC7-3234130E43A0}.Debug|Any CPU.Build.0 = Debug|Any CPU
		{3C2146D4-9D68-4E30-8BC7-3234130E43A0}.Release|Any CPU.ActiveCfg = Release|Any CPU
		{3C2146D4-9D68-4E30-8BC7-3234130E43A0}.Release|Any CPU.Build.0 = Release|Any CPU
		{6F0892A8-1947-4707-AB62-174D7E1FF837}.Debug|Any CPU.ActiveCfg = Debug|Any CPU
		{6F0892A8-1947-4707-AB62-174D7E1FF837}.Debug|Any CPU.Build.0 = Debug|Any CPU
		{6F0892A8-1947-4707-AB62-174D7E1FF837}.Release|Any CPU.ActiveCfg = Release|Any CPU
		{6F0892A8-1947-4707-AB62-174D7E1FF837}.Release|Any CPU.Build.0 = Release|Any CPU
	EndGlobalSection
	GlobalSection(SolutionProperties) = preSolution
		HideSolutionNode = FALSE
	EndGlobalSection
	GlobalSection(NestedProjects) = preSolution
		{E258568A-644D-47E0-8B6D-32DCF6A3221C} = {021CE4FD-1688-4D09-98A1-7D524B264FC9}
		{BEB5F681-1AA0-4FEF-8930-4DD45924E23A} = {021CE4FD-1688-4D09-98A1-7D524B264FC9}
		{77F3ED8E-45C0-4959-AB2C-69E4A25FB279} = {021CE4FD-1688-4D09-98A1-7D524B264FC9}
		{ADEE9709-5278-448A-B5A2-80C1E9E60CB4} = {939F9771-2B48-4103-84C4-1BD611434FDB}
		{9E9A3C5D-6BD8-49C1-B88C-44DC13E7E7C7} = {939F9771-2B48-4103-84C4-1BD611434FDB}
		{A738C447-AEB7-4431-8345-62AB72E27842} = {939F9771-2B48-4103-84C4-1BD611434FDB}
		{31E5113E-A586-4A85-8264-4DBEE3457C54} = {60F9F6A2-529F-4F50-B541-294AD8A6AFED}
		{3083A401-BE27-4345-9867-5E57421A6409} = {60F9F6A2-529F-4F50-B541-294AD8A6AFED}
		{56D98FAB-F22D-44DB-B811-B0D283816DD7} = {60F9F6A2-529F-4F50-B541-294AD8A6AFED}
		{09B0A63D-47B3-4D58-96A1-6491F4339485} = {C617D067-2D10-4F3C-87CB-094D00E43A62}
		{1F3258DE-678E-42EA-B157-EDB58152D020} = {C617D067-2D10-4F3C-87CB-094D00E43A62}
		{8244ED37-4447-4DF3-A8A3-64CEA9E22BDA} = {C617D067-2D10-4F3C-87CB-094D00E43A62}
		{7725CDAC-8DE5-4940-A202-5590FEF606B1} = {AB693CFC-C351-4419-937E-20F40221C09B}
		{3C2146D4-9D68-4E30-8BC7-3234130E43A0} = {AB693CFC-C351-4419-937E-20F40221C09B}
		{6F0892A8-1947-4707-AB62-174D7E1FF837} = {AB693CFC-C351-4419-937E-20F40221C09B}
	EndGlobalSection
	GlobalSection(ExtensibilityGlobals) = postSolution
		SolutionGuid = {392BE957-F800-497E-AE10-7AFC9042B015}
	EndGlobalSection
EndGlobal
